
Microsoft Visual Studio Solution File, Format Version 12.00
# Visual Studio 15
VisualStudioVersion = 15.0.28010.2036
MinimumVisualStudioVersion = 10.0.40219.1
Project("{FAE04EC0-301F-11D3-BF4B-00C04F79EFBC}") = "DayOfWeekSelector", "DayOfWeekSelector\DayOfWeekSelector.csproj", "{0611EDEF-420C-4FB4-8AC2-124EDBA4915B}"
EndProject
Global
	GlobalSection(SolutionConfigurationPlatforms) = preSolution
		Debug|Any CPU = Debug|Any CPU
		Release|Any CPU = Release|Any CPU
	EndGlobalSection
	GlobalSection(ProjectConfigurationPlatforms) = postSolution
		{0611EDEF-420C-4FB4-8AC2-124EDBA4915B}.Debug|Any CPU.ActiveCfg = Debug|Any CPU
		{0611EDEF-420C-4FB4-8AC2-124EDBA4915B}.Debug|Any CPU.Build.0 = Debug|Any CPU
		{0611EDEF-420C-4FB4-8AC2-124EDBA4915B}.Release|Any CPU.ActiveCfg = Release|Any CPU
		{0611EDEF-420C-4FB4-8AC2-124EDBA4915B}.Release|Any CPU.Build.0 = Release|Any CPU
	EndGlobalSection
	GlobalSection(SolutionProperties) = preSolution
		HideSolutionNode = FALSE
	EndGlobalSection
	GlobalSection(ExtensibilityGlobals) = postSolution
		SolutionGuid = {FB61A49F-1FB5-40BA-80B7-38672A1DD3CB}
	EndGlobalSection
EndGlobal
